
Microsoft Visual Studio Solution File, Format Version 12.00
# Visual Studio Version 17
VisualStudioVersion = 17.10.35122.118
MinimumVisualStudioVersion = 10.0.40219.1
Project("{FAE04EC0-301F-11D3-BF4B-00C04F79EFBC}") = "ParkSystemConsoleApp", "ParkSystemConsoleApp.csproj", "{EC0312B3-2F61-451C-AE10-B50ED6CD1EC0}"
EndProject
Global
	GlobalSection(SolutionConfigurationPlatforms) = preSolution
		Debug|Any CPU = Debug|Any CPU
		Release|Any CPU = Release|Any CPU
	EndGlobalSection
	GlobalSection(ProjectConfigurationPlatforms) = postSolution
		{EC0312B3-2F61-451C-AE10-B50ED6CD1EC0}.Debug|Any CPU.ActiveCfg = Debug|Any CPU
		{EC0312B3-2F61-451C-AE10-B50ED6CD1EC0}.Debug|Any CPU.Build.0 = Debug|Any CPU
		{EC0312B3-2F61-451C-AE10-B50ED6CD1EC0}.Release|Any CPU.ActiveCfg = Release|Any CPU
		{EC0312B3-2F61-451C-AE10-B50ED6CD1EC0}.Release|Any CPU.Build.0 = Release|Any CPU
	EndGlobalSection
	GlobalSection(SolutionProperties) = preSolution
		HideSolutionNode = FALSE
	EndGlobalSection
	GlobalSection(ExtensibilityGlobals) = postSolution
		SolutionGuid = {A5774654-EC45-4428-9156-A67CAC0673F7}
	EndGlobalSection
EndGlobal
